PODS:
  - SQLite.swift (0.14.1):
    - SQLite.swift/standard (= 0.14.1)
  - SQLite.swift/standard (0.14.1)

DEPENDENCIES:
  - SQLite.swift (~> 0.14.0)

SPEC REPOS:
  trunk:
    - SQLite.swift

SPEC CHECKSUMS:
  SQLite.swift: 2992550ebf3c5b268bf4352603e3df87d2a4ed72

PODFILE CHECKSUM: 4f66349933538452132ab07a9745a8318babd5a4

COCOAPODS: 1.11.3
